{
   "name": "@infor-up/m3-odin",
   "version": "2.0.0",
   "lockfileVersion": 1,
   "requires": true,
   "dependencies": {
      "rxjs": {
         "version": "6.2.0",
         "resolved": "https://registry.npmjs.org/rxjs/-/rxjs-6.2.0.tgz",
         "integrity": "sha512-qBzf5uu6eOKiCZuAE0SgZ0/Qp+l54oeVxFfC2t+mJ2SFI6IB8gmMdJHs5DUMu5kqifqcCtsKS2XHjhZu6RKvAw==",
         "requires": {
            "tslib": "^1.9.0"
         }
      },
      "tslib": {
         "version": "1.9.1",
         "resolved": "https://registry.npmjs.org/tslib/-/tslib-1.9.1.tgz",
         "integrity": "sha512-avfPS28HmGLLc2o4elcc2EIq2FcH++Yo5YxpBZi9Yw93BCTGFthI4HPE4Rpep6vSYQaK8e69PelM44tPj+RaQg=="
      },
      "typescript": {
         "version": "2.8.3",
         "resolved": "https://registry.npmjs.org/typescript/-/typescript-2.8.3.tgz",
         "integrity": "sha512-K7g15Bb6Ra4lKf7Iq2l/I5/En+hLIHmxWZGq3D4DIRNFxMNV6j2SHSvDOqs2tGd4UvD/fJvrwopzQXjLrT7Itw==",
         "dev": true
      }
   }
}
